PODS:
  - Alamofire (3.0.1)
  - EVReflection (2.9.3)
  - HanekeSwift (0.10.0)
  - SwiftyJSON (2.3.2)
  - XCGLogger (3.1.1)

DEPENDENCIES:
  - Alamofire (~> 3.0.0-beta.3)
  - EVReflection (~> 2.9.1)
  - HanekeSwift (~> 0.10.0)
  - SwiftyJSON (~> 2.3.0)
  - XCGLogger (~> 3.0)

SPEC CHECKSUMS:
  Alamofire: 2457e1b2e6c46bb05c3a598c542b7bfd08893775
  EVReflection: f4c02083c3f74ee81d379de4bedd771b1f16a9b7
  HanekeSwift: d6f5bdf9dbdbbc09d59623b2c1d533e46463dd4d
  SwiftyJSON: 04ccea08915aa0109039157c7974cf0298da292a
  XCGLogger: e111a313f609432394c3ae378d99511634fd2e3c

COCOAPODS: 0.39.0
