// !$*UTF8*$!
{
	archiveVersion = 1;
	classes = {
	};
	objectVersion = 46;
	objects = {

/* Begin PBXBuildFile section */
		3B561DA11BBB84BF000CAC0E /* AppDelegate.swift in Sources */ = {isa = PBXBuildFile; fileRef = 3B561DA01BBB84BF000CAC0E /* AppDelegate.swift */; };
		3B561DA31BBB84BF000CAC0E /* ViewController.swift in Sources */ = {isa = PBXBuildFile; fileRef = 3B561DA21BBB84BF000CAC0E /* ViewController.swift */; };
		3B561DA61BBB84BF000CAC0E /* Main.storyboard in Resources */ = {isa = PBXBuildFile; fileRef = 3B561DA41BBB84BF000CAC0E /* Main.storyboard */; };
		3B561DA81BBB84BF000CAC0E /* Assets.xcassets in Resources */ = {isa = PBXBuildFile; fileRef = 3B561DA71BBB84BF000CAC0E /* Assets.xcassets */; };
		3B561DAB1BBB84BF000CAC0E /* LaunchScreen.storyboard in Resources */ = {isa = PBXBuildFile; fileRef = 3B561DA91BBB84BF000CAC0E /* LaunchScreen.storyboard */; };
		3B561DB61BBB84BF000CAC0E /* BBSwiftFrameworkTests.swift in Sources */ = {isa = PBXBuildFile; fileRef = 3B561DB51BBB84BF000CAC0E /* BBSwiftFrameworkTests.swift */; };
		3B561DC11BBB84BF000CAC0E /* BBSwiftFrameworkUITests.swift in Sources */ = {isa = PBXBuildFile; fileRef = 3B561DC01BBB84BF000CAC0E /* BBSwiftFrameworkUITests.swift */; };
		3B561DD91BBB8794000CAC0E /* BBRootViewController.swift in Sources */ = {isa = PBXBuildFile; fileRef = 3B561DD81BBB8794000CAC0E /* BBRootViewController.swift */; settings = {ASSET_TAGS = (); }; };
		3B561DE01BBB8F51000CAC0E /* BBStartViewController.swift in Sources */ = {isa = PBXBuildFile; fileRef = 3B561DDE1BBB8F51000CAC0E /* BBStartViewController.swift */; settings = {ASSET_TAGS = (); }; };
		3B561DE11BBB8F51000CAC0E /* BBStartViewController.xib in Resources */ = {isa = PBXBuildFile; fileRef = 3B561DDF1BBB8F51000CAC0E /* BBStartViewController.xib */; settings = {ASSET_TAGS = (); }; };
		3B561DE31BBBB37A000CAC0E /* BBFont.swift in Sources */ = {isa = PBXBuildFile; fileRef = 3B561DE21BBBB37A000CAC0E /* BBFont.swift */; settings = {ASSET_TAGS = (); }; };
		3B561DE51BBBBFB5000CAC0E /* BBColor.swift in Sources */ = {isa = PBXBuildFile; fileRef = 3B561DE41BBBBFB5000CAC0E /* BBColor.swift */; settings = {ASSET_TAGS = (); }; };
		3B561DE71BBBC3CF000CAC0E /* BBDevice.swift in Sources */ = {isa = PBXBuildFile; fileRef = 3B561DE61BBBC3CF000CAC0E /* BBDevice.swift */; settings = {ASSET_TAGS = (); }; };
		3B561DF41BBBE72F000CAC0E /* String.swift in Sources */ = {isa = PBXBuildFile; fileRef = 3B561DF31BBBE72F000CAC0E /* String.swift */; settings = {ASSET_TAGS = (); }; };
		3B87B41B1BCCECD900890E2B /* BBH5WebView.swift in Sources */ = {isa = PBXBuildFile; fileRef = 3B87B41A1BCCECD900890E2B /* BBH5WebView.swift */; settings = {ASSET_TAGS = (); }; };
		3B87B41E1BCCF4A400890E2B /* BBH5ViewController.swift in Sources */ = {isa = PBXBuildFile; fileRef = 3B87B41C1BCCF4A400890E2B /* BBH5ViewController.swift */; settings = {ASSET_TAGS = (); }; };
		3B87B41F1BCCF4A400890E2B /* BBH5ViewController.xib in Resources */ = {isa = PBXBuildFile; fileRef = 3B87B41D1BCCF4A400890E2B /* BBH5ViewController.xib */; settings = {ASSET_TAGS = (); }; };
		3B87B4301BCDF04E00890E2B /* btn_add_normal@2x.png in Resources */ = {isa = PBXBuildFile; fileRef = 3B87B4221BCDF04E00890E2B /* btn_add_normal@2x.png */; settings = {ASSET_TAGS = (); }; };
		3B87B4311BCDF04E00890E2B /* btn_add_normal@3x.png in Resources */ = {isa = PBXBuildFile; fileRef = 3B87B4231BCDF04E00890E2B /* btn_add_normal@3x.png */; settings = {ASSET_TAGS = (); }; };
		3B87B4321BCDF04E00890E2B /* btn_back_arrow@2x.png in Resources */ = {isa = PBXBuildFile; fileRef = 3B87B4241BCDF04E00890E2B /* btn_back_arrow@2x.png */; settings = {ASSET_TAGS = (); }; };
		3B87B4331BCDF04E00890E2B /* btn_back_arrow@3x.png in Resources */ = {isa = PBXBuildFile; fileRef = 3B87B4251BCDF04E00890E2B /* btn_back_arrow@3x.png */; settings = {ASSET_TAGS = (); }; };
		3B87B4361BCDF04E00890E2B /* btn_close_cross@2x.png in Resources */ = {isa = PBXBuildFile; fileRef = 3B87B4281BCDF04E00890E2B /* btn_close_cross@2x.png */; settings = {ASSET_TAGS = (); }; };
		3B87B4371BCDF04E00890E2B /* btn_close_cross@3x.png in Resources */ = {isa = PBXBuildFile; fileRef = 3B87B4291BCDF04E00890E2B /* btn_close_cross@3x.png */; settings = {ASSET_TAGS = (); }; };
		3B87B43A1BCDF04E00890E2B /* btn_inbox_normal@2x.png in Resources */ = {isa = PBXBuildFile; fileRef = 3B87B42C1BCDF04E00890E2B /* btn_inbox_normal@2x.png */; settings = {ASSET_TAGS = (); }; };
		3B87B43B1BCDF04E00890E2B /* btn_inbox_normal@3x.png in Resources */ = {isa = PBXBuildFile; fileRef = 3B87B42D1BCDF04E00890E2B /* btn_inbox_normal@3x.png */; settings = {ASSET_TAGS = (); }; };
		3B87B43C1BCDF04E00890E2B /* btn_more_normal@2x.png in Resources */ = {isa = PBXBuildFile; fileRef = 3B87B42E1BCDF04E00890E2B /* btn_more_normal@2x.png */; settings = {ASSET_TAGS = (); }; };
		3B87B43D1BCDF04E00890E2B /* btn_more_normal@3x.png in Resources */ = {isa = PBXBuildFile; fileRef = 3B87B42F1BCDF04E00890E2B /* btn_more_normal@3x.png */; settings = {ASSET_TAGS = (); }; };
		3BBB68051BC60CC60011ED71 /* BBTableView.swift in Sources */ = {isa = PBXBuildFile; fileRef = 3BBB68041BC60CC60011ED71 /* BBTableView.swift */; settings = {ASSET_TAGS = (); }; };
		3BBB68071BC60D480011ED71 /* BBRootView.swift in Sources */ = {isa = PBXBuildFile; fileRef = 3BBB68061BC60D480011ED71 /* BBRootView.swift */; settings = {ASSET_TAGS = (); }; };
		3BBB680A1BC6125A0011ED71 /* BBTableViewCell.swift in Sources */ = {isa = PBXBuildFile; fileRef = 3BBB68081BC6125A0011ED71 /* BBTableViewCell.swift */; settings = {ASSET_TAGS = (); }; };
		3BBB680B1BC6125A0011ED71 /* BBTableViewCell.xib in Resources */ = {isa = PBXBuildFile; fileRef = 3BBB68091BC6125A0011ED71 /* BBTableViewCell.xib */; settings = {ASSET_TAGS = (); }; };
		3BBB680E1BC6402E0011ED71 /* BBAlertController.swift in Sources */ = {isa = PBXBuildFile; fileRef = 3BBB680D1BC6402E0011ED71 /* BBAlertController.swift */; settings = {ASSET_TAGS = (); }; };
		48701F323AAEE95CFF9F98C4 /* Pods.framework in Frameworks */ = {isa = PBXBuildFile; fileRef = 63E603B474DBC094241CCA26 /* Pods.framework */; settings = {ATTRIBUTES = (Weak, ); }; };
/* End PBXBuildFile section */

/* Begin PBXContainerItemProxy section */
		3B561DB21BBB84BF000CAC0E /* PBXContainerItemProxy */ = {
			isa = PBXContainerItemProxy;
			containerPortal = 3B561D951BBB84BF000CAC0E /* Project object */;
			proxyType = 1;
			remoteGlobalIDString = 3B561D9C1BBB84BF000CAC0E;
			remoteInfo = BBSwiftFramework;
		};
		3B561DBD1BBB84BF000CAC0E /* PBXContainerItemProxy */ = {
			isa = PBXContainerItemProxy;
			containerPortal = 3B561D951BBB84BF000CAC0E /* Project object */;
			proxyType = 1;
			remoteGlobalIDString = 3B561D9C1BBB84BF000CAC0E;
			remoteInfo = BBSwiftFramework;
		};
/* End PBXContainerItemProxy section */

/* Begin PBXFileReference section */
		0CC22567AC86C61B60D3D040 /* Pods_BBSwiftFramework.framework */ = {isa = PBXFileReference; explicitFileType = wrapper.framework; includeInIndex = 0; path = Pods_BBSwiftFramework.framework; sourceTree = BUILT_PRODUCTS_DIR; };
		3B561D9D1BBB84BF000CAC0E /* BBSwiftFramework.app */ = {isa = PBXFileReference; explicitFileType = wrapper.application; includeInIndex = 0; path = BBSwiftFramework.app; sourceTree = BUILT_PRODUCTS_DIR; };
		3B561DA01BBB84BF000CAC0E /* AppDelegate.swift */ = {isa = PBXFileReference; lastKnownFileType = sourcecode.swift; path = AppDelegate.swift; sourceTree = "<group>"; };
		3B561DA21BBB84BF000CAC0E /* ViewController.swift */ = {isa = PBXFileReference; lastKnownFileType = sourcecode.swift; path = ViewController.swift; sourceTree = "<group>"; };
		3B561DA51BBB84BF000CAC0E /* Base */ = {isa = PBXFileReference; lastKnownFileType = file.storyboard; name = Base; path = Base.lproj/Main.storyboard; sourceTree = "<group>"; };
		3B561DA71BBB84BF000CAC0E /* Assets.xcassets */ = {isa = PBXFileReference; lastKnownFileType = folder.assetcatalog; path = Assets.xcassets; sourceTree = "<group>"; };
		3B561DAA1BBB84BF000CAC0E /* Base */ = {isa = PBXFileReference; lastKnownFileType = file.storyboard; name = Base; path = Base.lproj/LaunchScreen.storyboard; sourceTree = "<group>"; };
		3B561DAC1BBB84BF000CAC0E /* Info.plist */ = {isa = PBXFileReference; lastKnownFileType = text.plist.xml; path = Info.plist; sourceTree = "<group>"; };
		3B561DB11BBB84BF000CAC0E /* BBSwiftFrameworkTests.xctest */ = {isa = PBXFileReference; explicitFileType = wrapper.cfbundle; includeInIndex = 0; path = BBSwiftFrameworkTests.xctest; sourceTree = BUILT_PRODUCTS_DIR; };
		3B561DB51BBB84BF000CAC0E /* BBSwiftFrameworkTests.swift */ = {isa = PBXFileReference; lastKnownFileType = sourcecode.swift; path = BBSwiftFrameworkTests.swift; sourceTree = "<group>"; };
		3B561DB71BBB84BF000CAC0E /* Info.plist */ = {isa = PBXFileReference; lastKnownFileType = text.plist.xml; path = Info.plist; sourceTree = "<group>"; };
		3B561DBC1BBB84BF000CAC0E /* BBSwiftFrameworkUITests.xctest */ = {isa = PBXFileReference; explicitFileType = wrapper.cfbundle; includeInIndex = 0; path = BBSwiftFrameworkUITests.xctest; sourceTree = BUILT_PRODUCTS_DIR; };
		3B561DC01BBB84BF000CAC0E /* BBSwiftFrameworkUITests.swift */ = {isa = PBXFileReference; lastKnownFileType = sourcecode.swift; path = BBSwiftFrameworkUITests.swift; sourceTree = "<group>"; };
		3B561DC21BBB84BF000CAC0E /* Info.plist */ = {isa = PBXFileReference; lastKnownFileType = text.plist.xml; path = Info.plist; sourceTree = "<group>"; };
		3B561DD81BBB8794000CAC0E /* BBRootViewController.swift */ = {isa = PBXFileReference; fileEncoding = 4; lastKnownFileType = sourcecode.swift; path = BBRootViewController.swift; sourceTree = "<group>"; };
		3B561DDE1BBB8F51000CAC0E /* BBStartViewController.swift */ = {isa = PBXFileReference; fileEncoding = 4; lastKnownFileType = sourcecode.swift; path = BBStartViewController.swift; sourceTree = "<group>"; };
		3B561DDF1BBB8F51000CAC0E /* BBStartViewController.xib */ = {isa = PBXFileReference; fileEncoding = 4; lastKnownFileType = file.xib; path = BBStartViewController.xib; sourceTree = "<group>"; };
		3B561DE21BBBB37A000CAC0E /* BBFont.swift */ = {isa = PBXFileReference; fileEncoding = 4; lastKnownFileType = sourcecode.swift; path = BBFont.swift; sourceTree = "<group>"; };
		3B561DE41BBBBFB5000CAC0E /* BBColor.swift */ = {isa = PBXFileReference; fileEncoding = 4; lastKnownFileType = sourcecode.swift; path = BBColor.swift; sourceTree = "<group>"; };
		3B561DE61BBBC3CF000CAC0E /* BBDevice.swift */ = {isa = PBXFileReference; fileEncoding = 4; lastKnownFileType = sourcecode.swift; path = BBDevice.swift; sourceTree = "<group>"; };
		3B561DF31BBBE72F000CAC0E /* String.swift */ = {isa = PBXFileReference; fileEncoding = 4; lastKnownFileType = sourcecode.swift; path = String.swift; sourceTree = "<group>"; };
		3B87B41A1BCCECD900890E2B /* BBH5WebView.swift */ = {isa = PBXFileReference; fileEncoding = 4; lastKnownFileType = sourcecode.swift; path = BBH5WebView.swift; sourceTree = "<group>"; };
		3B87B41C1BCCF4A400890E2B /* BBH5ViewController.swift */ = {isa = PBXFileReference; fileEncoding = 4; lastKnownFileType = sourcecode.swift; path = BBH5ViewController.swift; sourceTree = "<group>"; };
		3B87B41D1BCCF4A400890E2B /* BBH5ViewController.xib */ = {isa = PBXFileReference; fileEncoding = 4; lastKnownFileType = file.xib; path = BBH5ViewController.xib; sourceTree = "<group>"; };
		3B87B4221BCDF04E00890E2B /* btn_add_normal@2x.png */ = {isa = PBXFileReference; lastKnownFileType = image.png; path = "btn_add_normal@2x.png"; sourceTree = "<group>"; };
		3B87B4231BCDF04E00890E2B /* btn_add_normal@3x.png */ = {isa = PBXFileReference; lastKnownFileType = image.png; path = "btn_add_normal@3x.png"; sourceTree = "<group>"; };
		3B87B4241BCDF04E00890E2B /* btn_back_arrow@2x.png */ = {isa = PBXFileReference; lastKnownFileType = image.png; path = "btn_back_arrow@2x.png"; sourceTree = "<group>"; };
		3B87B4251BCDF04E00890E2B /* btn_back_arrow@3x.png */ = {isa = PBXFileReference; lastKnownFileType = image.png; path = "btn_back_arrow@3x.png"; sourceTree = "<group>"; };
		3B87B4281BCDF04E00890E2B /* btn_close_cross@2x.png */ = {isa = PBXFileReference; lastKnownFileType = image.png; path = "btn_close_cross@2x.png"; sourceTree = "<group>"; };
		3B87B4291BCDF04E00890E2B /* btn_close_cross@3x.png */ = {isa = PBXFileReference; lastKnownFileType = image.png; path = "btn_close_cross@3x.png"; sourceTree = "<group>"; };
		3B87B42C1BCDF04E00890E2B /* btn_inbox_normal@2x.png */ = {isa = PBXFileReference; lastKnownFileType = image.png; path = "btn_inbox_normal@2x.png"; sourceTree = "<group>"; };
		3B87B42D1BCDF04E00890E2B /* btn_inbox_normal@3x.png */ = {isa = PBXFileReference; lastKnownFileType = image.png; path = "btn_inbox_normal@3x.png"; sourceTree = "<group>"; };
		3B87B42E1BCDF04E00890E2B /* btn_more_normal@2x.png */ = {isa = PBXFileReference; lastKnownFileType = image.png; path = "btn_more_normal@2x.png"; sourceTree = "<group>"; };
		3B87B42F1BCDF04E00890E2B /* btn_more_normal@3x.png */ = {isa = PBXFileReference; lastKnownFileType = image.png; path = "btn_more_normal@3x.png"; sourceTree = "<group>"; };
		3BBB68041BC60CC60011ED71 /* BBTableView.swift */ = {isa = PBXFileReference; fileEncoding = 4; lastKnownFileType = sourcecode.swift; path = BBTableView.swift; sourceTree = "<group>"; };
		3BBB68061BC60D480011ED71 /* BBRootView.swift */ = {isa = PBXFileReference; fileEncoding = 4; lastKnownFileType = sourcecode.swift; path = BBRootView.swift; sourceTree = "<group>"; };
		3BBB68081BC6125A0011ED71 /* BBTableViewCell.swift */ = {isa = PBXFileReference; fileEncoding = 4; lastKnownFileType = sourcecode.swift; path = BBTableViewCell.swift; sourceTree = "<group>"; };
		3BBB68091BC6125A0011ED71 /* BBTableViewCell.xib */ = {isa = PBXFileReference; fileEncoding = 4; lastKnownFileType = file.xib; path = BBTableViewCell.xib; sourceTree = "<group>"; };
		3BBB680D1BC6402E0011ED71 /* BBAlertController.swift */ = {isa = PBXFileReference; fileEncoding = 4; lastKnownFileType = sourcecode.swift; path = BBAlertController.swift; sourceTree = "<group>"; };
		3BDF6E44726604B2B09C0CAC /* Pods.debug.xcconfig */ = {isa = PBXFileReference; includeInIndex = 1; lastKnownFileType = text.xcconfig; name = Pods.debug.xcconfig; path = "Pods/Target Support Files/Pods/Pods.debug.xcconfig"; sourceTree = "<group>"; };
		3DD08952C6213AF686BFE229 /* Pods-BBSwiftFramework.debug.xcconfig */ = {isa = PBXFileReference; includeInIndex = 1; lastKnownFileType = text.xcconfig; name = "Pods-BBSwiftFramework.debug.xcconfig"; path = "Pods/Target Support Files/Pods-BBSwiftFramework/Pods-BBSwiftFramework.debug.xcconfig"; sourceTree = "<group>"; };
		63E603B474DBC094241CCA26 /* Pods.framework */ = {isa = PBXFileReference; explicitFileType = wrapper.framework; includeInIndex = 0; path = Pods.framework; sourceTree = BUILT_PRODUCTS_DIR; };
		DB648B74C6A6D8B1B940E635 /* Pods.release.xcconfig */ = {isa = PBXFileReference; includeInIndex = 1; lastKnownFileType = text.xcconfig; name = Pods.release.xcconfig; path = "Pods/Target Support Files/Pods/Pods.release.xcconfig"; sourceTree = "<group>"; };
		EFA23DA601DF05EFD25D2997 /* Pods-BBSwiftFramework.release.xcconfig */ = {isa = PBXFileReference; includeInIndex = 1; lastKnownFileType = text.xcconfig; name = "Pods-BBSwiftFramework.release.xcconfig"; path = "Pods/Target Support Files/Pods-BBSwiftFramework/Pods-BBSwiftFramework.release.xcconfig"; sourceTree = "<group>"; };
/* End PBXFileReference section */

/* Begin PBXFrameworksBuildPhase section */
		3B561D9A1BBB84BF000CAC0E /* Frameworks */ = {
			isa = PBXFrameworksBuildPhase;
			buildActionMask = 2147483647;
			files = (
				48701F323AAEE95CFF9F98C4 /* Pods.framework in Frameworks */,
			);
			runOnlyForDeploymentPostprocessing = 0;
		};
		3B561DAE1BBB84BF000CAC0E /* Frameworks */ = {
			isa = PBXFrameworksBuildPhase;
			buildActionMask = 2147483647;
			files = (
			);
			runOnlyForDeploymentPostprocessing = 0;
		};
		3B561DB91BBB84BF000CAC0E /* Frameworks */ = {
			isa = PBXFrameworksBuildPhase;
			buildActionMask = 2147483647;
			files = (
			);
			runOnlyForDeploymentPostprocessing = 0;
		};
/* End PBXFrameworksBuildPhase section */

/* Begin PBXGroup section */
		14B939AF1C65A97C0EDC1D14 /* Frameworks */ = {
			isa = PBXGroup;
			children = (
				0CC22567AC86C61B60D3D040 /* Pods_BBSwiftFramework.framework */,
				63E603B474DBC094241CCA26 /* Pods.framework */,
			);
			name = Frameworks;
			sourceTree = "<group>";
		};
		3B561D941BBB84BF000CAC0E = {
			isa = PBXGroup;
			children = (
				3B561D9F1BBB84BF000CAC0E /* BBSwiftFramework */,
				3B561DB41BBB84BF000CAC0E /* BBSwiftFrameworkTests */,
				3B561DBF1BBB84BF000CAC0E /* BBSwiftFrameworkUITests */,
				3B561D9E1BBB84BF000CAC0E /* Products */,
				D9CF1F8599590A98F4286CC7 /* Pods */,
				14B939AF1C65A97C0EDC1D14 /* Frameworks */,
			);
			sourceTree = "<group>";
		};
		3B561D9E1BBB84BF000CAC0E /* Products */ = {
			isa = PBXGroup;
			children = (
				3B561D9D1BBB84BF000CAC0E /* BBSwiftFramework.app */,
				3B561DB11BBB84BF000CAC0E /* BBSwiftFrameworkTests.xctest */,
				3B561DBC1BBB84BF000CAC0E /* BBSwiftFrameworkUITests.xctest */,
			);
			name = Products;
			sourceTree = "<group>";
		};
		3B561D9F1BBB84BF000CAC0E /* BBSwiftFramework */ = {
			isa = PBXGroup;
			children = (
				3B561DCE1BBB866D000CAC0E /* Class */,
				3B561DD61BBB866D000CAC0E /* Resources */,
				3B561DD71BBB866D000CAC0E /* Service */,
				3B561DA01BBB84BF000CAC0E /* AppDelegate.swift */,
				3B561DA21BBB84BF000CAC0E /* ViewController.swift */,
				3B561DA41BBB84BF000CAC0E /* Main.storyboard */,
				3B561DA71BBB84BF000CAC0E /* Assets.xcassets */,
				3B561DA91BBB84BF000CAC0E /* LaunchScreen.storyboard */,
				3B561DAC1BBB84BF000CAC0E /* Info.plist */,
			);
			path = BBSwiftFramework;
			sourceTree = "<group>";
		};
		3B561DB41BBB84BF000CAC0E /* BBSwiftFrameworkTests */ = {
			isa = PBXGroup;
			children = (
				3B561DB51BBB84BF000CAC0E /* BBSwiftFrameworkTests.swift */,
				3B561DB71BBB84BF000CAC0E /* Info.plist */,
			);
			path = BBSwiftFrameworkTests;
			sourceTree = "<group>";
		};
		3B561DBF1BBB84BF000CAC0E /* BBSwiftFrameworkUITests */ = {
			isa = PBXGroup;
			children = (
				3B561DC01BBB84BF000CAC0E /* BBSwiftFrameworkUITests.swift */,
				3B561DC21BBB84BF000CAC0E /* Info.plist */,
			);
			path = BBSwiftFrameworkUITests;
			sourceTree = "<group>";
		};
		3B561DCE1BBB866D000CAC0E /* Class */ = {
			isa = PBXGroup;
			children = (
				3B561DCF1BBB866D000CAC0E /* Extern */,
				3B561DD51BBB866D000CAC0E /* UI */,
			);
			path = Class;
			sourceTree = "<group>";
		};
		3B561DCF1BBB866D000CAC0E /* Extern */ = {
			isa = PBXGroup;
			children = (
				3B561DD01BBB866D000CAC0E /* 3rdParty */,
				3B561DD11BBB866D000CAC0E /* Common-Core */,
				3B561DD21BBB866D000CAC0E /* Common-UI */,
				3B561DD31BBB866D000CAC0E /* Common-Utils */,
				3B561DD41BBB866D000CAC0E /* Root */,
			);
			path = Extern;
			sourceTree = "<group>";
		};
		3B561DD01BBB866D000CAC0E /* 3rdParty */ = {
			isa = PBXGroup;
			children = (
			);
			path = 3rdParty;
			sourceTree = "<group>";
		};
		3B561DD11BBB866D000CAC0E /* Common-Core */ = {
			isa = PBXGroup;
			children = (
			);
			path = "Common-Core";
			sourceTree = "<group>";
		};
		3B561DD21BBB866D000CAC0E /* Common-UI */ = {
			isa = PBXGroup;
			children = (
				3B87B4191BCCECD900890E2B /* BBH5ViewController */,
				3BBB680C1BC640030011ED71 /* BBAlertController */,
				3BBB68031BC60C8F0011ED71 /* BBTableView */,
			);
			path = "Common-UI";
			sourceTree = "<group>";
		};
		3B561DD31BBB866D000CAC0E /* Common-Utils */ = {
			isa = PBXGroup;
			children = (
				3B561DEA1BBBDB1F000CAC0E /* Extensions */,
				3B561DE21BBBB37A000CAC0E /* BBFont.swift */,
				3B561DE41BBBBFB5000CAC0E /* BBColor.swift */,
				3B561DE61BBBC3CF000CAC0E /* BBDevice.swift */,
			);
			path = "Common-Utils";
			sourceTree = "<group>";
		};
		3B561DD41BBB866D000CAC0E /* Root */ = {
			isa = PBXGroup;
			children = (
				3B561DD81BBB8794000CAC0E /* BBRootViewController.swift */,
				3BBB68061BC60D480011ED71 /* BBRootView.swift */,
			);
			path = Root;
			sourceTree = "<group>";
		};
		3B561DD51BBB866D000CAC0E /* UI */ = {
			isa = PBXGroup;
			children = (
				3B561DDE1BBB8F51000CAC0E /* BBStartViewController.swift */,
				3B561DDF1BBB8F51000CAC0E /* BBStartViewController.xib */,
			);
			path = UI;
			sourceTree = "<group>";
		};
		3B561DD61BBB866D000CAC0E /* Resources */ = {
			isa = PBXGroup;
			children = (
				3B87B4201BCDF04E00890E2B /* Images */,
			);
			path = Resources;
			sourceTree = "<group>";
		};
		3B561DD71BBB866D000CAC0E /* Service */ = {
			isa = PBXGroup;
			children = (
			);
			path = Service;
			sourceTree = "<group>";
		};
		3B561DEA1BBBDB1F000CAC0E /* Extensions */ = {
			isa = PBXGroup;
			children = (
				3B561DF31BBBE72F000CAC0E /* String.swift */,
			);
			path = Extensions;
			sourceTree = "<group>";
		};
		3B87B4191BCCECD900890E2B /* BBH5ViewController */ = {
			isa = PBXGroup;
			children = (
				3B87B41A1BCCECD900890E2B /* BBH5WebView.swift */,
				3B87B41C1BCCF4A400890E2B /* BBH5ViewController.swift */,
				3B87B41D1BCCF4A400890E2B /* BBH5ViewController.xib */,
			);
			path = BBH5ViewController;
			sourceTree = "<group>";
		};
		3B87B4201BCDF04E00890E2B /* Images */ = {
			isa = PBXGroup;
			children = (
				3B87B4211BCDF04E00890E2B /* Bar */,
			);
			path = Images;
			sourceTree = "<group>";
		};
		3B87B4211BCDF04E00890E2B /* Bar */ = {
			isa = PBXGroup;
			children = (
				3B87B4221BCDF04E00890E2B /* btn_add_normal@2x.png */,
				3B87B4231BCDF04E00890E2B /* btn_add_normal@3x.png */,
				3B87B4241BCDF04E00890E2B /* btn_back_arrow@2x.png */,
				3B87B4251BCDF04E00890E2B /* btn_back_arrow@3x.png */,
				3B87B4281BCDF04E00890E2B /* btn_close_cross@2x.png */,
				3B87B4291BCDF04E00890E2B /* btn_close_cross@3x.png */,
				3B87B42C1BCDF04E00890E2B /* btn_inbox_normal@2x.png */,
				3B87B42D1BCDF04E00890E2B /* btn_inbox_normal@3x.png */,
				3B87B42E1BCDF04E00890E2B /* btn_more_normal@2x.png */,
				3B87B42F1BCDF04E00890E2B /* btn_more_normal@3x.png */,
			);
			path = Bar;
			sourceTree = "<group>";
		};
		3BBB68031BC60C8F0011ED71 /* BBTableView */ = {
			isa = PBXGroup;
			children = (
				3BBB68041BC60CC60011ED71 /* BBTableView.swift */,
				3BBB68081BC6125A0011ED71 /* BBTableViewCell.swift */,
				3BBB68091BC6125A0011ED71 /* BBTableViewCell.xib */,
			);
			path = BBTableView;
			sourceTree = "<group>";
		};
		3BBB680C1BC640030011ED71 /* BBAlertController */ = {
			isa = PBXGroup;
			children = (
				3BBB680D1BC6402E0011ED71 /* BBAlertController.swift */,
			);
			path = BBAlertController;
			sourceTree = "<group>";
		};
		D9CF1F8599590A98F4286CC7 /* Pods */ = {
			isa = PBXGroup;
			children = (
				3DD08952C6213AF686BFE229 /* Pods-BBSwiftFramework.debug.xcconfig */,
				EFA23DA601DF05EFD25D2997 /* Pods-BBSwiftFramework.release.xcconfig */,
				3BDF6E44726604B2B09C0CAC /* Pods.debug.xcconfig */,
				DB648B74C6A6D8B1B940E635 /* Pods.release.xcconfig */,
			);
			name = Pods;
			sourceTree = "<group>";
		};
/* End PBXGroup section */

/* Begin PBXNativeTarget section */
		3B561D9C1BBB84BF000CAC0E /* BBSwiftFramework */ = {
			isa = PBXNativeTarget;
			buildConfigurationList = 3B561DC51BBB84BF000CAC0E /* Build configuration list for PBXNativeTarget "BBSwiftFramework" */;
			buildPhases = (
				0E5AC5FB605EDBDD2FB14E53 /* Check Pods Manifest.lock */,
				3B561D991BBB84BF000CAC0E /* Sources */,
				3B561D9A1BBB84BF000CAC0E /* Frameworks */,
				3B561D9B1BBB84BF000CAC0E /* Resources */,
				012E61D62F367C9006D9FBB6 /* Embed Pods Frameworks */,
				E84C85FF939C71557098604A /* Copy Pods Resources */,
			);
			buildRules = (
			);
			dependencies = (
			);
			name = BBSwiftFramework;
			productName = BBSwiftFramework;
			productReference = 3B561D9D1BBB84BF000CAC0E /* BBSwiftFramework.app */;
			productType = "com.apple.product-type.application";
		};
		3B561DB01BBB84BF000CAC0E /* BBSwiftFrameworkTests */ = {
			isa = PBXNativeTarget;
			buildConfigurationList = 3B561DC81BBB84BF000CAC0E /* Build configuration list for PBXNativeTarget "BBSwiftFrameworkTests" */;
			buildPhases = (
				3B561DAD1BBB84BF000CAC0E /* Sources */,
				3B561DAE1BBB84BF000CAC0E /* Frameworks */,
				3B561DAF1BBB84BF000CAC0E /* Resources */,
			);
			buildRules = (
			);
			dependencies = (
				3B561DB31BBB84BF000CAC0E /* PBXTargetDependency */,
			);
			name = BBSwiftFrameworkTests;
			productName = BBSwiftFrameworkTests;
			productReference = 3B561DB11BBB84BF000CAC0E /* BBSwiftFrameworkTests.xctest */;
			productType = "com.apple.product-type.bundle.unit-test";
		};
		3B561DBB1BBB84BF000CAC0E /* BBSwiftFrameworkUITests */ = {
			isa = PBXNativeTarget;
			buildConfigurationList = 3B561DCB1BBB84BF000CAC0E /* Build configuration list for PBXNativeTarget "BBSwiftFrameworkUITests" */;
			buildPhases = (
				3B561DB81BBB84BF000CAC0E /* Sources */,
				3B561DB91BBB84BF000CAC0E /* Frameworks */,
				3B561DBA1BBB84BF000CAC0E /* Resources */,
			);
			buildRules = (
			);
			dependencies = (
				3B561DBE1BBB84BF000CAC0E /* PBXTargetDependency */,
			);
			name = BBSwiftFrameworkUITests;
			productName = BBSwiftFrameworkUITests;
			productReference = 3B561DBC1BBB84BF000CAC0E /* BBSwiftFrameworkUITests.xctest */;
			productType = "com.apple.product-type.bundle.ui-testing";
		};
/* End PBXNativeTarget section */

/* Begin PBXProject section */
		3B561D951BBB84BF000CAC0E /* Project object */ = {
			isa = PBXProject;
			attributes = {
				LastUpgradeCheck = 0700;
				ORGANIZATIONNAME = Bei;
				TargetAttributes = {
					3B561D9C1BBB84BF000CAC0E = {
						CreatedOnToolsVersion = 7.0;
					};
					3B561DB01BBB84BF000CAC0E = {
						CreatedOnToolsVersion = 7.0;
						TestTargetID = 3B561D9C1BBB84BF000CAC0E;
					};
					3B561DBB1BBB84BF000CAC0E = {
						CreatedOnToolsVersion = 7.0;
						TestTargetID = 3B561D9C1BBB84BF000CAC0E;
					};
				};
			};
			buildConfigurationList = 3B561D981BBB84BF000CAC0E /* Build configuration list for PBXProject "BBSwiftFramework" */;
			compatibilityVersion = "Xcode 3.2";
			developmentRegion = English;
			hasScannedForEncodings = 0;
			knownRegions = (
				en,
				Base,
			);
			mainGroup = 3B561D941BBB84BF000CAC0E;
			productRefGroup = 3B561D9E1BBB84BF000CAC0E /* Products */;
			projectDirPath = "";
			projectRoot = "";
			targets = (
				3B561D9C1BBB84BF000CAC0E /* BBSwiftFramework */,
				3B561DB01BBB84BF000CAC0E /* BBSwiftFrameworkTests */,
				3B561DBB1BBB84BF000CAC0E /* BBSwiftFrameworkUITests */,
			);
		};
/* End PBXProject section */

/* Begin PBXResourcesBuildPhase section */
		3B561D9B1BBB84BF000CAC0E /* Resources */ = {
			isa = PBXResourcesBuildPhase;
			buildActionMask = 2147483647;
			files = (
				3B87B4301BCDF04E00890E2B /* btn_add_normal@2x.png in Resources */,
				3B87B4331BCDF04E00890E2B /* btn_back_arrow@3x.png in Resources */,
				3B87B43D1BCDF04E00890E2B /* btn_more_normal@3x.png in Resources */,
				3BBB680B1BC6125A0011ED71 /* BBTableViewCell.xib in Resources */,
				3B87B41F1BCCF4A400890E2B /* BBH5ViewController.xib in Resources */,
				3B561DAB1BBB84BF000CAC0E /* LaunchScreen.storyboard in Resources */,
				3B87B43C1BCDF04E00890E2B /* btn_more_normal@2x.png in Resources */,
				3B87B4321BCDF04E00890E2B /* btn_back_arrow@2x.png in Resources */,
				3B561DA81BBB84BF000CAC0E /* Assets.xcassets in Resources */,
				3B561DA61BBB84BF000CAC0E /* Main.storyboard in Resources */,
				3B87B43B1BCDF04E00890E2B /* btn_inbox_normal@3x.png in Resources */,
				3B87B4371BCDF04E00890E2B /* btn_close_cross@3x.png in Resources */,
				3B561DE11BBB8F51000CAC0E /* BBStartViewController.xib in Resources */,
				3B87B4361BCDF04E00890E2B /* btn_close_cross@2x.png in Resources */,
				3B87B43A1BCDF04E00890E2B /* btn_inbox_normal@2x.png in Resources */,
				3B87B4311BCDF04E00890E2B /* btn_add_normal@3x.png in Resources */,
			);
			runOnlyForDeploymentPostprocessing = 0;
		};
		3B561DAF1BBB84BF000CAC0E /* Resources */ = {
			isa = PBXResourcesBuildPhase;
			buildActionMask = 2147483647;
			files = (
			);
			runOnlyForDeploymentPostprocessing = 0;
		};
		3B561DBA1BBB84BF000CAC0E /* Resources */ = {
			isa = PBXResourcesBuildPhase;
			buildActionMask = 2147483647;
			files = (
			);
			runOnlyForDeploymentPostprocessing = 0;
		};
/* End PBXResourcesBuildPhase section */

/* Begin PBXShellScriptBuildPhase section */
		012E61D62F367C9006D9FBB6 /* Embed Pods Frameworks */ = {
			isa = PBXShellScriptBuildPhase;
			buildActionMask = 2147483647;
			files = (
			);
			inputPaths = (
			);
			name = "Embed Pods Frameworks";
			outputPaths = (
			);
			runOnlyForDeploymentPostprocessing = 0;
			shellPath = /bin/sh;
			shellScript = "\"${SRCROOT}/Pods/Target Support Files/Pods/Pods-frameworks.sh\"\n";
			showEnvVarsInLog = 0;
		};
		0E5AC5FB605EDBDD2FB14E53 /* Check Pods Manifest.lock */ = {
			isa = PBXShellScriptBuildPhase;
			buildActionMask = 2147483647;
			files = (
			);
			inputPaths = (
			);
			name = "Check Pods Manifest.lock";
			outputPaths = (
			);
			runOnlyForDeploymentPostprocessing = 0;
			shellPath = /bin/sh;
			shellScript = "diff \"${PODS_ROOT}/../Podfile.lock\" \"${PODS_ROOT}/Manifest.lock\" > /dev/null\nif [[ $? != 0 ]] ; then\n    cat << EOM\nerror: The sandbox is not in sync with the Podfile.lock. Run 'pod install' or update your CocoaPods installation.\nEOM\n    exit 1\nfi\n";
			showEnvVarsInLog = 0;
		};
		E84C85FF939C71557098604A /* Copy Pods Resources */ = {
			isa = PBXShellScriptBuildPhase;
			buildActionMask = 2147483647;
			files = (
			);
			inputPaths = (
			);
			name = "Copy Pods Resources";
			outputPaths = (
			);
			runOnlyForDeploymentPostprocessing = 0;
			shellPath = /bin/sh;
			shellScript = "\"${SRCROOT}/Pods/Target Support Files/Pods/Pods-resources.sh\"\n";
			showEnvVarsInLog = 0;
		};
/* End PBXShellScriptBuildPhase section */

/* Begin PBXSourcesBuildPhase section */
		3B561D991BBB84BF000CAC0E /* Sources */ = {
			isa = PBXSourcesBuildPhase;
			buildActionMask = 2147483647;
			files = (
				3B87B41B1BCCECD900890E2B /* BBH5WebView.swift in Sources */,
				3B561DE31BBBB37A000CAC0E /* BBFont.swift in Sources */,
				3B561DA31BBB84BF000CAC0E /* ViewController.swift in Sources */,
				3B87B41E1BCCF4A400890E2B /* BBH5ViewController.swift in Sources */,
				3BBB680A1BC6125A0011ED71 /* BBTableViewCell.swift in Sources */,
				3B561DA11BBB84BF000CAC0E /* AppDelegate.swift in Sources */,
				3B561DE71BBBC3CF000CAC0E /* BBDevice.swift in Sources */,
				3BBB68051BC60CC60011ED71 /* BBTableView.swift in Sources */,
				3BBB680E1BC6402E0011ED71 /* BBAlertController.swift in Sources */,
				3B561DE51BBBBFB5000CAC0E /* BBColor.swift in Sources */,
				3B561DD91BBB8794000CAC0E /* BBRootViewController.swift in Sources */,
				3B561DF41BBBE72F000CAC0E /* String.swift in Sources */,
				3BBB68071BC60D480011ED71 /* BBRootView.swift in Sources */,
				3B561DE01BBB8F51000CAC0E /* BBStartViewController.swift in Sources */,
			);
			runOnlyForDeploymentPostprocessing = 0;
		};
		3B561DAD1BBB84BF000CAC0E /* Sources */ = {
			isa = PBXSourcesBuildPhase;
			buildActionMask = 2147483647;
			files = (
				3B561DB61BBB84BF000CAC0E /* BBSwiftFrameworkTests.swift in Sources */,
			);
			runOnlyForDeploymentPostprocessing = 0;
		};
		3B561DB81BBB84BF000CAC0E /* Sources */ = {
			isa = PBXSourcesBuildPhase;
			buildActionMask = 2147483647;
			files = (
				3B561DC11BBB84BF000CAC0E /* BBSwiftFrameworkUITests.swift in Sources */,
			);
			runOnlyForDeploymentPostprocessing = 0;
		};
/* End PBXSourcesBuildPhase section */

/* Begin PBXTargetDependency section */
		3B561DB31BBB84BF000CAC0E /* PBXTargetDependency */ = {
			isa = PBXTargetDependency;
			target = 3B561D9C1BBB84BF000CAC0E /* BBSwiftFramework */;
			targetProxy = 3B561DB21BBB84BF000CAC0E /* PBXContainerItemProxy */;
		};
		3B561DBE1BBB84BF000CAC0E /* PBXTargetDependency */ = {
			isa = PBXTargetDependency;
			target = 3B561D9C1BBB84BF000CAC0E /* BBSwiftFramework */;
			targetProxy = 3B561DBD1BBB84BF000CAC0E /* PBXContainerItemProxy */;
		};
/* End PBXTargetDependency section */

/* Begin PBXVariantGroup section */
		3B561DA41BBB84BF000CAC0E /* Main.storyboard */ = {
			isa = PBXVariantGroup;
			children = (
				3B561DA51BBB84BF000CAC0E /* Base */,
			);
			name = Main.storyboard;
			sourceTree = "<group>";
		};
		3B561DA91BBB84BF000CAC0E /* LaunchScreen.storyboard */ = {
			isa = PBXVariantGroup;
			children = (
				3B561DAA1BBB84BF000CAC0E /* Base */,
			);
			name = LaunchScreen.storyboard;
			sourceTree = "<group>";
		};
/* End PBXVariantGroup section */

/* Begin XCBuildConfiguration section */
		3B561DC31BBB84BF000CAC0E /* Debug */ = {
			isa = XCBuildConfiguration;
			buildSettings = {
				ALWAYS_SEARCH_USER_PATHS = NO;
				CLANG_CXX_LANGUAGE_STANDARD = "gnu++0x";
				CLANG_CXX_LIBRARY = "libc++";
				CLANG_ENABLE_MODULES = YES;
				CLANG_ENABLE_OBJC_ARC = YES;
				CLANG_WARN_BOOL_CONVERSION = YES;
				CLANG_WARN_CONSTANT_CONVERSION = YES;
				CLANG_WARN_DIRECT_OBJC_ISA_USAGE = YES_ERROR;
				CLANG_WARN_EMPTY_BODY = YES;
				CLANG_WARN_ENUM_CONVERSION = YES;
				CLANG_WARN_INT_CONVERSION = YES;
				CLANG_WARN_OBJC_ROOT_CLASS = YES_ERROR;
				CLANG_WARN_UNREACHABLE_CODE = YES;
				CLANG_WARN__DUPLICATE_METHOD_MATCH = YES;
				"CODE_SIGN_IDENTITY[sdk=iphoneos*]" = "iPhone Developer";
				COPY_PHASE_STRIP = NO;
				DEBUG_INFORMATION_FORMAT = dwarf;
				ENABLE_STRICT_OBJC_MSGSEND = YES;
				ENABLE_TESTABILITY = YES;
				GCC_C_LANGUAGE_STANDARD = gnu99;
				GCC_DYNAMIC_NO_PIC = NO;
				GCC_NO_COMMON_BLOCKS = YES;
				GCC_OPTIMIZATION_LEVEL = 0;
				GCC_PREPROCESSOR_DEFINITIONS = (
					"DEBUG=1",
					"$(inherited)",
				);
				GCC_WARN_64_TO_32_BIT_CONVERSION = YES;
				GCC_WARN_ABOUT_RETURN_TYPE = YES_ERROR;
				GCC_WARN_UNDECLARED_SELECTOR = YES;
				GCC_WARN_UNINITIALIZED_AUTOS = YES_AGGRESSIVE;
				GCC_WARN_UNUSED_FUNCTION = YES;
				GCC_WARN_UNUSED_VARIABLE = YES;
				IPHONEOS_DEPLOYMENT_TARGET = 9.0;
				MTL_ENABLE_DEBUG_INFO = YES;
				ONLY_ACTIVE_ARCH = YES;
				SDKROOT = iphoneos;
				SWIFT_OPTIMIZATION_LEVEL = "-Onone";
			};
			name = Debug;
		};
		3B561DC41BBB84BF000CAC0E /* Release */ = {
			isa = XCBuildConfiguration;
			buildSettings = {
				ALWAYS_SEARCH_USER_PATHS = NO;
				CLANG_CXX_LANGUAGE_STANDARD = "gnu++0x";
				CLANG_CXX_LIBRARY = "libc++";
				CLANG_ENABLE_MODULES = YES;
				CLANG_ENABLE_OBJC_ARC = YES;
				CLANG_WARN_BOOL_CONVERSION = YES;
				CLANG_WARN_CONSTANT_CONVERSION = YES;
				CLANG_WARN_DIRECT_OBJC_ISA_USAGE = YES_ERROR;
				CLANG_WARN_EMPTY_BODY = YES;
				CLANG_WARN_ENUM_CONVERSION = YES;
				CLANG_WARN_INT_CONVERSION = YES;
				CLANG_WARN_OBJC_ROOT_CLASS = YES_ERROR;
				CLANG_WARN_UNREACHABLE_CODE = YES;
				CLANG_WARN__DUPLICATE_METHOD_MATCH = YES;
				"CODE_SIGN_IDENTITY[sdk=iphoneos*]" = "iPhone Developer";
				COPY_PHASE_STRIP = NO;
				DEBUG_INFORMATION_FORMAT = "dwarf-with-dsym";
				ENABLE_NS_ASSERTIONS = NO;
				ENABLE_STRICT_OBJC_MSGSEND = YES;
				GCC_C_LANGUAGE_STANDARD = gnu99;
				GCC_NO_COMMON_BLOCKS = YES;
				GCC_WARN_64_TO_32_BIT_CONVERSION = YES;
				GCC_WARN_ABOUT_RETURN_TYPE = YES_ERROR;
				GCC_WARN_UNDECLARED_SELECTOR = YES;
				GCC_WARN_UNINITIALIZED_AUTOS = YES_AGGRESSIVE;
				GCC_WARN_UNUSED_FUNCTION = YES;
				GCC_WARN_UNUSED_VARIABLE = YES;
				IPHONEOS_DEPLOYMENT_TARGET = 9.0;
				MTL_ENABLE_DEBUG_INFO = NO;
				SDKROOT = iphoneos;
				VALIDATE_PRODUCT = YES;
			};
			name = Release;
		};
		3B561DC61BBB84BF000CAC0E /* Debug */ = {
			isa = XCBuildConfiguration;
			baseConfigurationReference = 3BDF6E44726604B2B09C0CAC /* Pods.debug.xcconfig */;
			buildSettings = {
				ASSETCATALOG_COMPILER_APPICON_NAME = AppIcon;
				ASSETCATALOG_COMPILER_LAUNCHIMAGE_NAME = LaunchImage;
				INFOPLIST_FILE = BBSwiftFramework/Info.plist;
				LD_RUNPATH_SEARCH_PATHS = "$(inherited) @executable_path/Frameworks";
				PRODUCT_BUNDLE_IDENTIFIER = Bei.BBSwiftFramework;
				PRODUCT_NAME = "$(TARGET_NAME)";
			};
			name = Debug;
		};
		3B561DC71BBB84BF000CAC0E /* Release */ = {
			isa = XCBuildConfiguration;
			baseConfigurationReference = DB648B74C6A6D8B1B940E635 /* Pods.release.xcconfig */;
			buildSettings = {
				ASSETCATALOG_COMPILER_APPICON_NAME = AppIcon;
				ASSETCATALOG_COMPILER_LAUNCHIMAGE_NAME = LaunchImage;
				INFOPLIST_FILE = BBSwiftFramework/Info.plist;
				LD_RUNPATH_SEARCH_PATHS = "$(inherited) @executable_path/Frameworks";
				PRODUCT_BUNDLE_IDENTIFIER = Bei.BBSwiftFramework;
				PRODUCT_NAME = "$(TARGET_NAME)";
			};
			name = Release;
		};
		3B561DC91BBB84BF000CAC0E /* Debug */ = {
			isa = XCBuildConfiguration;
			buildSettings = {
				BUNDLE_LOADER = "$(TEST_HOST)";
				INFOPLIST_FILE = BBSwiftFrameworkTests/Info.plist;
				LD_RUNPATH_SEARCH_PATHS = "$(inherited) @executable_path/Frameworks @loader_path/Frameworks";
				PRODUCT_BUNDLE_IDENTIFIER = Bei.BBSwiftFrameworkTests;
				PRODUCT_NAME = "$(TARGET_NAME)";
				TEST_HOST = "$(BUILT_PRODUCTS_DIR)/BBSwiftFramework.app/BBSwiftFramework";
			};
			name = Debug;
		};
		3B561DCA1BBB84BF000CAC0E /* Release */ = {
			isa = XCBuildConfiguration;
			buildSettings = {
				BUNDLE_LOADER = "$(TEST_HOST)";
				INFOPLIST_FILE = BBSwiftFrameworkTests/Info.plist;
				LD_RUNPATH_SEARCH_PATHS = "$(inherited) @executable_path/Frameworks @loader_path/Frameworks";
				PRODUCT_BUNDLE_IDENTIFIER = Bei.BBSwiftFrameworkTests;
				PRODUCT_NAME = "$(TARGET_NAME)";
				TEST_HOST = "$(BUILT_PRODUCTS_DIR)/BBSwiftFramework.app/BBSwiftFramework";
			};
			name = Release;
		};
		3B561DCC1BBB84BF000CAC0E /* Debug */ = {
			isa = XCBuildConfiguration;
			buildSettings = {
				INFOPLIST_FILE = BBSwiftFrameworkUITests/Info.plist;
				LD_RUNPATH_SEARCH_PATHS = "$(inherited) @executable_path/Frameworks @loader_path/Frameworks";
				PRODUCT_BUNDLE_IDENTIFIER = Bei.BBSwiftFrameworkUITests;
				PRODUCT_NAME = "$(TARGET_NAME)";
				TEST_TARGET_NAME = BBSwiftFramework;
				USES_XCTRUNNER = YES;
			};
			name = Debug;
		};
		3B561DCD1BBB84BF000CAC0E /* Release */ = {
			isa = XCBuildConfiguration;
			buildSettings = {
				INFOPLIST_FILE = BBSwiftFrameworkUITests/Info.plist;
				LD_RUNPATH_SEARCH_PATHS = "$(inherited) @executable_path/Frameworks @loader_path/Frameworks";
				PRODUCT_BUNDLE_IDENTIFIER = Bei.BBSwiftFrameworkUITests;
				PRODUCT_NAME = "$(TARGET_NAME)";
				TEST_TARGET_NAME = BBSwiftFramework;
				USES_XCTRUNNER = YES;
			};
			name = Release;
		};
/* End XCBuildConfiguration section */

/* Begin XCConfigurationList section */
		3B561D981BBB84BF000CAC0E /* Build configuration list for PBXProject "BBSwiftFramework" */ = {
			isa = XCConfigurationList;
			buildConfigurations = (
				3B561DC31BBB84BF000CAC0E /* Debug */,
				3B561DC41BBB84BF000CAC0E /* Release */,
			);
			defaultConfigurationIsVisible = 0;
			defaultConfigurationName = Release;
		};
		3B561DC51BBB84BF000CAC0E /* Build configuration list for PBXNativeTarget "BBSwiftFramework" */ = {
			isa = XCConfigurationList;
			buildConfigurations = (
				3B561DC61BBB84BF000CAC0E /* Debug */,
				3B561DC71BBB84BF000CAC0E /* Release */,
			);
			defaultConfigurationIsVisible = 0;
			defaultConfigurationName = Release;
		};
		3B561DC81BBB84BF000CAC0E /* Build configuration list for PBXNativeTarget "BBSwiftFrameworkTests" */ = {
			isa = XCConfigurationList;
			buildConfigurations = (
				3B561DC91BBB84BF000CAC0E /* Debug */,
				3B561DCA1BBB84BF000CAC0E /* Release */,
			);
			defaultConfigurationIsVisible = 0;
			defaultConfigurationName = Release;
		};
		3B561DCB1BBB84BF000CAC0E /* Build configuration list for PBXNativeTarget "BBSwiftFrameworkUITests" */ = {
			isa = XCConfigurationList;
			buildConfigurations = (
				3B561DCC1BBB84BF000CAC0E /* Debug */,
				3B561DCD1BBB84BF000CAC0E /* Release */,
			);
			defaultConfigurationIsVisible = 0;
			defaultConfigurationName = Release;
		};
/* End XCConfigurationList section */
	};
	rootObject = 3B561D951BBB84BF000CAC0E /* Project object */;
}
